
Microsoft Visual Studio Solution File, Format Version 12.00
# Visual Studio Version 16
VisualStudioVersion = 16.0.31402.337
MinimumVisualStudioVersion = 10.0.40219.1
Project("{FAE04EC0-301F-11D3-BF4B-00C04F79EFBC}") = "CourseAPI", "CourseAPI\CourseAPI.csproj", "{D094D775-FB8E-4BE1-B5C7-8C7494E77F6E}"
EndProject
Global
	GlobalSection(SolutionConfigurationPlatforms) = preSolution
		Debug|Any CPU = Debug|Any CPU
		Release|Any CPU = Release|Any CPU
	EndGlobalSection
	GlobalSection(ProjectConfigurationPlatforms) = postSolution
		{D094D775-FB8E-4BE1-B5C7-8C7494E77F6E}.Debug|Any CPU.ActiveCfg = Debug|Any CPU
		{D094D775-FB8E-4BE1-B5C7-8C7494E77F6E}.Debug|Any CPU.Build.0 = Debug|Any CPU
		{D094D775-FB8E-4BE1-B5C7-8C7494E77F6E}.Release|Any CPU.ActiveCfg = Release|Any CPU
		{D094D775-FB8E-4BE1-B5C7-8C7494E77F6E}.Release|Any CPU.Build.0 = Release|Any CPU
	EndGlobalSection
	GlobalSection(SolutionProperties) = preSolution
		HideSolutionNode = FALSE
	EndGlobalSection
	GlobalSection(ExtensibilityGlobals) = postSolution
		SolutionGuid = {AC2C237C-213F-439A-ABC7-8CAD05002419}
	EndGlobalSection
EndGlobal
